dependencies:
  idf:
    source:
      type: idf
    version: 6.0.1
  joltwallet/littlefs:
    component_hash: fab83a8a57de01b05441557d78e9d10c755413a1836af4b2762b539add0c14b1
    dependencies:
    - name: idf
      require: private
      version: '>=5.0'
    source:
      registry_url: https://components.espressif.com/
      type: service
    version: 1.22.2
direct_dependencies:
- idf
- joltwallet/littlefs
manifest_hash: 5a1a7747fc162130bc41d5fdc7bc9fc1b142de7076d69faee01a7750ed18d8a8
target: esp32c5
version: 3.0.0
